
Microsoft Visual Studio Solution File, Format Version 12.00
# Visual Studio Version 17
VisualStudioVersion = 17.3.32825.248
MinimumVisualStudioVersion = 10.0.40219.1
Project("{9A19103F-16F7-4668-BE54-9A1E7A4F7556}") = "MusicSellerApp.Server", "MusicSellerApp.Server\MusicSellerApp.Server.csproj", "{E0981939-6C6E-4656-8E74-8A3CC3601089}"
EndProject
Project("{2150E333-8FDC-42A3-9474-1A3956D46DE8}") = "SolutionItems", "SolutionItems", "{CD2DFE5A-69C4-41C2-8120-FB9412E1F858}"
EndProject
Project("{9A19103F-16F7-4668-BE54-9A1E7A4F7556}") = "MusicSellerApp.Common", "MusicSellerApp.Common\MusicSellerApp.Common.csproj", "{7E0F0444-F16A-4EF2-A919-DCCA5FFBB49A}"
EndProject
Project("{E53339B2-1760-4266-BCC7-CA923CBCF16C}") = "docker-compose", "docker-compose.dcproj", "{0BFF7AF7-44F0-407E-BA90-E5BE1138DD15}"
EndProject
Project("{FAE04EC0-301F-11D3-BF4B-00C04F79EFBC}") = "WebBlazorWasm", "WebBlazorWasm\WebBlazorWasm.csproj", "{096BBE9B-0E0F-4D0F-A792-7BA025B248A0}"
EndProject
Project("{2150E333-8FDC-42A3-9474-1A3956D46DE8}") = "WebApps", "WebApps", "{69FC16FD-E86E-47D3-9CDD-2980FC3520E9}"
EndProject
Global
	GlobalSection(SolutionConfigurationPlatforms) = preSolution
		Debug|Any CPU = Debug|Any CPU
		Release|Any CPU = Release|Any CPU
	EndGlobalSection
	GlobalSection(ProjectConfigurationPlatforms) = postSolution
		{E0981939-6C6E-4656-8E74-8A3CC3601089}.Debug|Any CPU.ActiveCfg = Debug|Any CPU
		{E0981939-6C6E-4656-8E74-8A3CC3601089}.Debug|Any CPU.Build.0 = Debug|Any CPU
		{E0981939-6C6E-4656-8E74-8A3CC3601089}.Release|Any CPU.ActiveCfg = Release|Any CPU
		{E0981939-6C6E-4656-8E74-8A3CC3601089}.Release|Any CPU.Build.0 = Release|Any CPU
		{7E0F0444-F16A-4EF2-A919-DCCA5FFBB49A}.Debug|Any CPU.ActiveCfg = Debug|Any CPU
		{7E0F0444-F16A-4EF2-A919-DCCA5FFBB49A}.Debug|Any CPU.Build.0 = Debug|Any CPU
		{7E0F0444-F16A-4EF2-A919-DCCA5FFBB49A}.Release|Any CPU.ActiveCfg = Release|Any CPU
		{7E0F0444-F16A-4EF2-A919-DCCA5FFBB49A}.Release|Any CPU.Build.0 = Release|Any CPU
		{0BFF7AF7-44F0-407E-BA90-E5BE1138DD15}.Debug|Any CPU.ActiveCfg = Debug|Any CPU
		{0BFF7AF7-44F0-407E-BA90-E5BE1138DD15}.Debug|Any CPU.Build.0 = Debug|Any CPU
		{0BFF7AF7-44F0-407E-BA90-E5BE1138DD15}.Release|Any CPU.ActiveCfg = Release|Any CPU
		{0BFF7AF7-44F0-407E-BA90-E5BE1138DD15}.Release|Any CPU.Build.0 = Release|Any CPU
		{096BBE9B-0E0F-4D0F-A792-7BA025B248A0}.Debug|Any CPU.ActiveCfg = Debug|Any CPU
		{096BBE9B-0E0F-4D0F-A792-7BA025B248A0}.Debug|Any CPU.Build.0 = Debug|Any CPU
		{096BBE9B-0E0F-4D0F-A792-7BA025B248A0}.Release|Any CPU.ActiveCfg = Release|Any CPU
		{096BBE9B-0E0F-4D0F-A792-7BA025B248A0}.Release|Any CPU.Build.0 = Release|Any CPU
	EndGlobalSection
	GlobalSection(SolutionProperties) = preSolution
		HideSolutionNode = FALSE
	EndGlobalSection
	GlobalSection(ExtensibilityGlobals) = postSolution
		SolutionGuid = {29171F44-F6B1-439B-BEEC-365A004F39FF}
	EndGlobalSection
	GlobalSection(NestedProjects) = preSolution
		{096BBE9B-0E0F-4D0F-A792-7BA025B248A0} = {69FC16FD-E86E-47D3-9CDD-2980FC3520E9}
	EndGlobalSection
EndGlobal
